{
  "nodes": {
    "authinfo": {
      "flake": false,
      "locked": {
        "lastModified": 1573803694,
        "narHash": "sha256-6517AdiFUvLPmaaigJyPOQCTrfJoxVM/NXdz10n0wDg=",
        "owner": "aartamonau",
        "repo": "authinfo",
        "rev": "0098545479fa81234ebc1c2951610cb8c70f5c44",
        "type": "github"
      },
      "original": {
        "owner": "aartamonau",
        "repo": "authinfo",
        "type": "github"
      }
    },
    "emacs-overlay": {
      "locked": {
        "lastModified": 1615911877,
        "narHash": "sha256-r068WLpoigoSIZJ4rRO3LxkjXdvOKZsPF/jEzzu54A4=",
        "owner": "nix-community",
        "repo": "emacs-overlay",
        "rev": "54967f1a51f2742c580c7ab1f3174e2e1afe874f",
        "type": "github"
      },
      "original": {
        "owner": "nix-community",
        "repo": "emacs-overlay",
        "type": "github"
      }
    },
    "home-manager": {
      "inputs": {
        "nixpkgs": [
          "nixpkgs"
        ]
      },
      "locked": {
        "lastModified": 1615943941,
        "narHash": "sha256-ocj+ngGSJ0SRHjp3UDH76TQA8XXUxemAQDDJp32k5Rw=",
        "owner": "nix-community",
        "repo": "home-manager",
        "rev": "920ea74afee92d321a4ff7dc714b165daaad78ec",
        "type": "github"
      },
      "original": {
        "owner": "nix-community",
        "ref": "master",
        "repo": "home-manager",
        "type": "github"
      }
    },
    "nixpkgs": {
      "locked": {
        "lastModified": 1615797423,
        "narHash": "sha256-5NGDZXPQzuoxf/42NiyC9YwwhwzfMfIRrz3aT0XHzSc=",
        "owner": "NixOS",
        "repo": "nixpkgs",
        "rev": "266dc8c3d052f549826ba246d06787a219533b8f",
        "type": "github"
      },
      "original": {
        "owner": "NixOS",
        "ref": "nixos-unstable",
        "repo": "nixpkgs",
        "type": "github"
      }
    },
    "nixpkgs-mozilla": {
      "flake": false,
      "locked": {
        "lastModified": 1603906276,
        "narHash": "sha256-RsNPnEKd7BcogwkqhaV5kI/HuNC4flH/OQCC/4W5y/8=",
        "owner": "mozilla",
        "repo": "nixpkgs-mozilla",
        "rev": "8c007b60731c07dd7a052cce508de3bb1ae849b4",
        "type": "github"
      },
      "original": {
        "owner": "mozilla",
        "repo": "nixpkgs-mozilla",
        "type": "github"
      }
    },
    "nixpkgs-stable": {
      "locked": {
        "lastModified": 1615932248,
        "narHash": "sha256-Xgc4/CFVp1L3/Qhai8n0Wyr9FCCOuRAfvWhaesLSPYc=",
        "owner": "NixOS",
        "repo": "nixpkgs",
        "rev": "6557a3c1fe8ed87cc97c7c95668324847043dbdc",
        "type": "github"
      },
      "original": {
        "owner": "NixOS",
        "ref": "nixos-20.09",
        "repo": "nixpkgs",
        "type": "github"
      }
    },
    "nixpkgs-unstable": {
      "locked": {
        "lastModified": 1615797423,
        "narHash": "sha256-5NGDZXPQzuoxf/42NiyC9YwwhwzfMfIRrz3aT0XHzSc=",
        "owner": "NixOS",
        "repo": "nixpkgs",
        "rev": "266dc8c3d052f549826ba246d06787a219533b8f",
        "type": "github"
      },
      "original": {
        "owner": "NixOS",
        "ref": "nixos-unstable",
        "repo": "nixpkgs",
        "type": "github"
      }
    },
    "nur-no-pkgs": {
      "locked": {
        "lastModified": 1615944613,
        "narHash": "sha256-eiQicW1cVButcIysWJ9eYZgqREpez/q2TwjnjsoLWnw=",
        "owner": "nix-community",
        "repo": "NUR",
        "rev": "2fb34829b6066a997a78bf207581b6ec6d9763f8",
        "type": "github"
      },
      "original": {
        "owner": "nix-community",
        "ref": "master",
        "repo": "NUR",
        "type": "github"
      }
    },
    "nvimpager": {
      "flake": false,
      "locked": {
        "lastModified": 1615745850,
        "narHash": "sha256-iQMpL/qnP8hxgT1mRAI6pvnxOLOPQlc5KgNi2CuGiFs=",
        "owner": "lucc",
        "repo": "nvimpager",
        "rev": "4b180e65fd36eb5b2acf66ab881f3a8c3fb9c351",
        "type": "github"
      },
      "original": {
        "owner": "lucc",
        "repo": "nvimpager",
        "type": "github"
      }
    },
    "old-ghc-nix": {
      "flake": false,
      "locked": {
        "lastModified": 1607082992,
        "narHash": "sha256-PdNHrjLMa9Ir4JN4oeluan/k/twaccYp7ZRe1aIZ0qA=",
        "owner": "mpickering",
        "repo": "old-ghc-nix",
        "rev": "75632f684de06fcd604109b4ddbf28dfd04f9b2c",
        "type": "github"
      },
      "original": {
        "owner": "mpickering",
        "repo": "old-ghc-nix",
        "type": "github"
      }
    },
    "root": {
      "inputs": {
        "authinfo": "authinfo",
        "emacs-overlay": "emacs-overlay",
        "home-manager": "home-manager",
        "nixpkgs": "nixpkgs",
        "nixpkgs-mozilla": "nixpkgs-mozilla",
        "nixpkgs-stable": "nixpkgs-stable",
        "nixpkgs-unstable": "nixpkgs-unstable",
        "nur-no-pkgs": "nur-no-pkgs",
        "nvimpager": "nvimpager",
        "old-ghc-nix": "old-ghc-nix",
        "sops-nix": "sops-nix"
      }
    },
    "sops-nix": {
      "inputs": {
        "nixpkgs": [
          "nixpkgs"
        ]
      },
      "locked": {
        "lastModified": 1615031779,
        "narHash": "sha256-uCdrsI0poKOAt0BxxjbLMNY6bOZNrDxOTAx4DQQTAEM=",
        "owner": "Mic92",
        "repo": "sops-nix",
        "rev": "137d387e784783eac52dfd9d1b35227eb0c211f1",
        "type": "github"
      },
      "original": {
        "owner": "Mic92",
        "repo": "sops-nix",
        "type": "github"
      }
    }
  },
  "root": "root",
  "version": 7
}
