{
  "nodes": {
    "aioproxy": {
      "inputs": {
        "flake-utils": "flake-utils",
        "gomod2nix": "gomod2nix",
        "nixpkgs": [
          "nixpkgs"
        ]
      },
      "locked": {
        "lastModified": 1618402489,
        "narHash": "sha256-DIrMnZL1ntSU6iqFJ9/zzj4dYFj74nHwrgnc/av8wBE=",
        "owner": "contrun",
        "repo": "aioproxy",
        "rev": "bfaf0d09b22b6483b64af4a648a4cbf14050f576",
        "type": "github"
      },
      "original": {
        "owner": "contrun",
        "ref": "master",
        "repo": "aioproxy",
        "type": "github"
      }
    },
    "authinfo": {
      "flake": false,
      "locked": {
        "lastModified": 1573803694,
        "narHash": "sha256-6517AdiFUvLPmaaigJyPOQCTrfJoxVM/NXdz10n0wDg=",
        "owner": "aartamonau",
        "repo": "authinfo",
        "rev": "0098545479fa81234ebc1c2951610cb8c70f5c44",
        "type": "github"
      },
      "original": {
        "owner": "aartamonau",
        "repo": "authinfo",
        "type": "github"
      }
    },
    "cachix": {
      "locked": {
        "lastModified": 1618358082,
        "narHash": "sha256-4vyEiTcCk7hRigwcRqDAF86YQbUzALUNxyH8SLG4oeo=",
        "owner": "nixos",
        "repo": "nixpkgs",
        "rev": "dec334fa196a4aeedb1b60d8f7d61aa00d327499",
        "type": "github"
      },
      "original": {
        "owner": "nixos",
        "ref": "nixos-20.09",
        "repo": "nixpkgs",
        "type": "github"
      }
    },
    "emacs-overlay": {
      "locked": {
        "lastModified": 1618537271,
        "narHash": "sha256-owKecDtyi+VGgxEhBqDRRlx/gI75OE57OTHtrhrALsE=",
        "owner": "nix-community",
        "repo": "emacs-overlay",
        "rev": "119b923e4da2b716e46dce7aeade32576a282427",
        "type": "github"
      },
      "original": {
        "owner": "nix-community",
        "repo": "emacs-overlay",
        "type": "github"
      }
    },
    "flake-firefox-nightly": {
      "inputs": {
        "cachix": "cachix",
        "mozilla": "mozilla",
        "nixpkgs": [
          "nixpkgs"
        ]
      },
      "locked": {
        "lastModified": 1618538740,
        "narHash": "sha256-mEOnbJU2pioS6BZEcd7cOe7kokq/KP12Pnd8SO0CInk=",
        "owner": "colemickens",
        "repo": "flake-firefox-nightly",
        "rev": "451d2b0cd6e2aac55da838435cfbe6547dcd3706",
        "type": "github"
      },
      "original": {
        "owner": "colemickens",
        "repo": "flake-firefox-nightly",
        "type": "github"
      }
    },
    "flake-utils": {
      "locked": {
        "lastModified": 1618217525,
        "narHash": "sha256-WGrhVczjXTiswQaoxQ+0PTfbLNeOQM6M36zvLn78AYg=",
        "owner": "numtide",
        "repo": "flake-utils",
        "rev": "c6169a2772643c4a93a0b5ac1c61e296cba68544",
        "type": "github"
      },
      "original": {
        "owner": "numtide",
        "repo": "flake-utils",
        "type": "github"
      }
    },
    "flake-utils_2": {
      "locked": {
        "lastModified": 1618217525,
        "narHash": "sha256-WGrhVczjXTiswQaoxQ+0PTfbLNeOQM6M36zvLn78AYg=",
        "owner": "numtide",
        "repo": "flake-utils",
        "rev": "c6169a2772643c4a93a0b5ac1c61e296cba68544",
        "type": "github"
      },
      "original": {
        "owner": "numtide",
        "repo": "flake-utils",
        "type": "github"
      }
    },
    "gomod2nix": {
      "inputs": {
        "nixpkgs": [
          "nixpkgs"
        ],
        "utils": [
          "flake-utils"
        ]
      },
      "locked": {
        "lastModified": 1617032337,
        "narHash": "sha256-BTmMxdIJyjOvOpNOaExcyvmJKI9OuhpWyXfOK164Epc=",
        "owner": "tweag",
        "repo": "gomod2nix",
        "rev": "c78d7b9f15a24eba95fbc228509f513c83709d8b",
        "type": "github"
      },
      "original": {
        "owner": "tweag",
        "repo": "gomod2nix",
        "type": "github"
      }
    },
    "home-manager": {
      "inputs": {
        "nixpkgs": [
          "nixpkgs"
        ]
      },
      "locked": {
        "lastModified": 1618469593,
        "narHash": "sha256-fNdt+Q3irnT3pId7PKSSVeR8/9inBrAEg4gpItoRowU=",
        "owner": "nix-community",
        "repo": "home-manager",
        "rev": "ebbbd4f2b50703409543941e7445138dc1e7392e",
        "type": "github"
      },
      "original": {
        "owner": "nix-community",
        "ref": "master",
        "repo": "home-manager",
        "type": "github"
      }
    },
    "mozilla": {
      "flake": false,
      "locked": {
        "lastModified": 1603906276,
        "narHash": "sha256-RsNPnEKd7BcogwkqhaV5kI/HuNC4flH/OQCC/4W5y/8=",
        "owner": "mozilla",
        "repo": "nixpkgs-mozilla",
        "rev": "8c007b60731c07dd7a052cce508de3bb1ae849b4",
        "type": "github"
      },
      "original": {
        "owner": "mozilla",
        "repo": "nixpkgs-mozilla",
        "type": "github"
      }
    },
    "nixpkgs": {
      "locked": {
        "lastModified": 1618343055,
        "narHash": "sha256-yux3woyNtMt6ynYRq7+DYe19CC+SoI/LJW+zSJd0UOs=",
        "owner": "NixOS",
        "repo": "nixpkgs",
        "rev": "e019872af81e4013fd518fcacfba74b1de21a50e",
        "type": "github"
      },
      "original": {
        "owner": "NixOS",
        "ref": "nixos-unstable",
        "repo": "nixpkgs",
        "type": "github"
      }
    },
    "nixpkgs-mozilla": {
      "flake": false,
      "locked": {
        "lastModified": 1603906276,
        "narHash": "sha256-RsNPnEKd7BcogwkqhaV5kI/HuNC4flH/OQCC/4W5y/8=",
        "owner": "mozilla",
        "repo": "nixpkgs-mozilla",
        "rev": "8c007b60731c07dd7a052cce508de3bb1ae849b4",
        "type": "github"
      },
      "original": {
        "owner": "mozilla",
        "repo": "nixpkgs-mozilla",
        "type": "github"
      }
    },
    "nixpkgs-stable": {
      "locked": {
        "lastModified": 1618358082,
        "narHash": "sha256-4vyEiTcCk7hRigwcRqDAF86YQbUzALUNxyH8SLG4oeo=",
        "owner": "NixOS",
        "repo": "nixpkgs",
        "rev": "dec334fa196a4aeedb1b60d8f7d61aa00d327499",
        "type": "github"
      },
      "original": {
        "owner": "NixOS",
        "ref": "nixos-20.09",
        "repo": "nixpkgs",
        "type": "github"
      }
    },
    "nixpkgs-unstable": {
      "locked": {
        "lastModified": 1618343055,
        "narHash": "sha256-yux3woyNtMt6ynYRq7+DYe19CC+SoI/LJW+zSJd0UOs=",
        "owner": "NixOS",
        "repo": "nixpkgs",
        "rev": "e019872af81e4013fd518fcacfba74b1de21a50e",
        "type": "github"
      },
      "original": {
        "owner": "NixOS",
        "ref": "nixos-unstable",
        "repo": "nixpkgs",
        "type": "github"
      }
    },
    "nur-no-pkgs": {
      "locked": {
        "lastModified": 1618546470,
        "narHash": "sha256-S9ZZ0Zd7Ur6t3C67Y5CPUkZehiScZMUyUYjpeG66a3c=",
        "owner": "nix-community",
        "repo": "NUR",
        "rev": "0811bfb0ae9b399d4519686f2b2e80afa7b7c981",
        "type": "github"
      },
      "original": {
        "owner": "nix-community",
        "ref": "master",
        "repo": "NUR",
        "type": "github"
      }
    },
    "old-ghc-nix": {
      "flake": false,
      "locked": {
        "lastModified": 1607082992,
        "narHash": "sha256-PdNHrjLMa9Ir4JN4oeluan/k/twaccYp7ZRe1aIZ0qA=",
        "owner": "mpickering",
        "repo": "old-ghc-nix",
        "rev": "75632f684de06fcd604109b4ddbf28dfd04f9b2c",
        "type": "github"
      },
      "original": {
        "owner": "mpickering",
        "repo": "old-ghc-nix",
        "type": "github"
      }
    },
    "root": {
      "inputs": {
        "aioproxy": "aioproxy",
        "authinfo": "authinfo",
        "emacs-overlay": "emacs-overlay",
        "flake-firefox-nightly": "flake-firefox-nightly",
        "flake-utils": "flake-utils_2",
        "home-manager": "home-manager",
        "nixpkgs": "nixpkgs",
        "nixpkgs-mozilla": "nixpkgs-mozilla",
        "nixpkgs-stable": "nixpkgs-stable",
        "nixpkgs-unstable": "nixpkgs-unstable",
        "nur-no-pkgs": "nur-no-pkgs",
        "old-ghc-nix": "old-ghc-nix",
        "sops-nix": "sops-nix"
      }
    },
    "sops-nix": {
      "inputs": {
        "nixpkgs": [
          "nixpkgs"
        ]
      },
      "locked": {
        "lastModified": 1618226608,
        "narHash": "sha256-Hq/lcu48RhE3U6gYYkuT7v6hLHeu1PrasiaBiGkCX+w=",
        "owner": "Mic92",
        "repo": "sops-nix",
        "rev": "ade2f5c17184df9d4c42d36da18a6ed903b4c02d",
        "type": "github"
      },
      "original": {
        "owner": "Mic92",
        "repo": "sops-nix",
        "type": "github"
      }
    }
  },
  "root": "root",
  "version": 7
}
