{
  "nodes": {
    "authinfo": {
      "flake": false,
      "locked": {
        "lastModified": 1573803694,
        "narHash": "sha256-6517AdiFUvLPmaaigJyPOQCTrfJoxVM/NXdz10n0wDg=",
        "owner": "aartamonau",
        "repo": "authinfo",
        "rev": "0098545479fa81234ebc1c2951610cb8c70f5c44",
        "type": "github"
      },
      "original": {
        "owner": "aartamonau",
        "repo": "authinfo",
        "type": "github"
      }
    },
    "cachix": {
      "locked": {
        "lastModified": 1616237945,
        "narHash": "sha256-rU+QAUxPG3BN16gBBeovz8eqITHhzewv+4o94iF57qY=",
        "owner": "nixos",
        "repo": "nixpkgs",
        "rev": "66f4dc4fd1b47e9e06d0f1bd78faffa51f0cc59c",
        "type": "github"
      },
      "original": {
        "owner": "nixos",
        "ref": "nixos-20.09",
        "repo": "nixpkgs",
        "type": "github"
      }
    },
    "emacs-overlay": {
      "locked": {
        "lastModified": 1616214656,
        "narHash": "sha256-ceFOGcsbGlP/qtxMBlRGFH5fsbN+uGQYeHUrpgcRS4U=",
        "owner": "nix-community",
        "repo": "emacs-overlay",
        "rev": "d9530a7048f4b1c0f65825202a0ce1d111a1d39a",
        "type": "github"
      },
      "original": {
        "owner": "nix-community",
        "repo": "emacs-overlay",
        "type": "github"
      }
    },
    "flake-firefox-nightly": {
      "inputs": {
        "cachix": "cachix",
        "mozilla": "mozilla",
        "nixpkgs": [
          "nixpkgs"
        ]
      },
      "locked": {
        "lastModified": 1616328662,
        "narHash": "sha256-SME1zjpNtXLFxl30ydq9z0qBvJltDnuaC0as9RNNsUQ=",
        "owner": "colemickens",
        "repo": "flake-firefox-nightly",
        "rev": "6b8b9d3cf002dce4d8c40059403002ebde0c3740",
        "type": "github"
      },
      "original": {
        "owner": "colemickens",
        "repo": "flake-firefox-nightly",
        "type": "github"
      }
    },
    "home-manager": {
      "inputs": {
        "nixpkgs": [
          "nixpkgs"
        ]
      },
      "locked": {
        "lastModified": 1616318638,
        "narHash": "sha256-E6ABXtzw6bHmrIirB1sJL6S2MEa3sfcvRLzRa92frCo=",
        "owner": "nix-community",
        "repo": "home-manager",
        "rev": "ddcd476603dfd3388b1dc8234fa9d550156a51f5",
        "type": "github"
      },
      "original": {
        "owner": "nix-community",
        "ref": "master",
        "repo": "home-manager",
        "type": "github"
      }
    },
    "mozilla": {
      "flake": false,
      "locked": {
        "lastModified": 1603906276,
        "narHash": "sha256-RsNPnEKd7BcogwkqhaV5kI/HuNC4flH/OQCC/4W5y/8=",
        "owner": "mozilla",
        "repo": "nixpkgs-mozilla",
        "rev": "8c007b60731c07dd7a052cce508de3bb1ae849b4",
        "type": "github"
      },
      "original": {
        "owner": "mozilla",
        "repo": "nixpkgs-mozilla",
        "type": "github"
      }
    },
    "nixpkgs": {
      "locked": {
        "lastModified": 1616174264,
        "narHash": "sha256-88Pu2xh1p2tixNxdijfqoCqq9ymkEx0d6jc7ycWavLo=",
        "owner": "NixOS",
        "repo": "nixpkgs",
        "rev": "f5e8bdd07d1afaabf6b37afc5497b1e498b8046f",
        "type": "github"
      },
      "original": {
        "owner": "NixOS",
        "ref": "nixos-unstable",
        "repo": "nixpkgs",
        "type": "github"
      }
    },
    "nixpkgs-mozilla": {
      "flake": false,
      "locked": {
        "lastModified": 1603906276,
        "narHash": "sha256-RsNPnEKd7BcogwkqhaV5kI/HuNC4flH/OQCC/4W5y/8=",
        "owner": "mozilla",
        "repo": "nixpkgs-mozilla",
        "rev": "8c007b60731c07dd7a052cce508de3bb1ae849b4",
        "type": "github"
      },
      "original": {
        "owner": "mozilla",
        "repo": "nixpkgs-mozilla",
        "type": "github"
      }
    },
    "nixpkgs-stable": {
      "locked": {
        "lastModified": 1616237945,
        "narHash": "sha256-rU+QAUxPG3BN16gBBeovz8eqITHhzewv+4o94iF57qY=",
        "owner": "NixOS",
        "repo": "nixpkgs",
        "rev": "66f4dc4fd1b47e9e06d0f1bd78faffa51f0cc59c",
        "type": "github"
      },
      "original": {
        "owner": "NixOS",
        "ref": "nixos-20.09",
        "repo": "nixpkgs",
        "type": "github"
      }
    },
    "nixpkgs-unstable": {
      "locked": {
        "lastModified": 1616174264,
        "narHash": "sha256-88Pu2xh1p2tixNxdijfqoCqq9ymkEx0d6jc7ycWavLo=",
        "owner": "NixOS",
        "repo": "nixpkgs",
        "rev": "f5e8bdd07d1afaabf6b37afc5497b1e498b8046f",
        "type": "github"
      },
      "original": {
        "owner": "NixOS",
        "ref": "nixos-unstable",
        "repo": "nixpkgs",
        "type": "github"
      }
    },
    "nur-no-pkgs": {
      "locked": {
        "lastModified": 1616370338,
        "narHash": "sha256-N9gPWiWw8iqWu0pxXFR6UKRZPXpywKeWabeFO1e5ybw=",
        "owner": "nix-community",
        "repo": "NUR",
        "rev": "6c440059ff79f362b144697623ce46acf61aeb34",
        "type": "github"
      },
      "original": {
        "owner": "nix-community",
        "ref": "master",
        "repo": "NUR",
        "type": "github"
      }
    },
    "old-ghc-nix": {
      "flake": false,
      "locked": {
        "lastModified": 1607082992,
        "narHash": "sha256-PdNHrjLMa9Ir4JN4oeluan/k/twaccYp7ZRe1aIZ0qA=",
        "owner": "mpickering",
        "repo": "old-ghc-nix",
        "rev": "75632f684de06fcd604109b4ddbf28dfd04f9b2c",
        "type": "github"
      },
      "original": {
        "owner": "mpickering",
        "repo": "old-ghc-nix",
        "type": "github"
      }
    },
    "root": {
      "inputs": {
        "authinfo": "authinfo",
        "emacs-overlay": "emacs-overlay",
        "flake-firefox-nightly": "flake-firefox-nightly",
        "home-manager": "home-manager",
        "nixpkgs": "nixpkgs",
        "nixpkgs-mozilla": "nixpkgs-mozilla",
        "nixpkgs-stable": "nixpkgs-stable",
        "nixpkgs-unstable": "nixpkgs-unstable",
        "nur-no-pkgs": "nur-no-pkgs",
        "old-ghc-nix": "old-ghc-nix",
        "sops-nix": "sops-nix"
      }
    },
    "sops-nix": {
      "inputs": {
        "nixpkgs": [
          "nixpkgs"
        ]
      },
      "locked": {
        "lastModified": 1615031779,
        "narHash": "sha256-uCdrsI0poKOAt0BxxjbLMNY6bOZNrDxOTAx4DQQTAEM=",
        "owner": "Mic92",
        "repo": "sops-nix",
        "rev": "137d387e784783eac52dfd9d1b35227eb0c211f1",
        "type": "github"
      },
      "original": {
        "owner": "Mic92",
        "repo": "sops-nix",
        "type": "github"
      }
    }
  },
  "root": "root",
  "version": 7
}
